PODS:
  - AFNetworking (3.1.0):
    - AFNetworking/NSURLSession (= 3.1.0)
    - AFNetworking/Reachability (= 3.1.0)
    - AFNetworking/Security (= 3.1.0)
    - AFNetworking/Serialization (= 3.1.0)
    - AFNetworking/UIKit (= 3.1.0)
  - AFNetworking/NSURLSession (3.1.0):
    - AFNetworking/Reachability
    - AFNetworking/Security
    - AFNetworking/Serialization
  - AFNetworking/Reachability (3.1.0)
  - AFNetworking/Security (3.1.0)
  - AFNetworking/Serialization (3.1.0)
  - AFNetworking/UIKit (3.1.0):
    - AFNetworking/NSURLSession
  - Alamofire (3.4.1)
  - FDFullscreenPopGesture (1.1)
  - Kingfisher (2.4.1)
  - MJRefresh (3.1.7)
  - SnapKit (0.21.0)
  - SVProgressHUD (2.0.3)
  - SwiftyJSON (2.3.2)

DEPENDENCIES:
  - AFNetworking (~> 3.1.0)
  - Alamofire
  - FDFullscreenPopGesture (~> 1.1)
  - Kingfisher
  - MJRefresh
  - SnapKit
  - SVProgressHUD
  - SwiftyJSON

SPEC CHECKSUMS:
  AFNetworking: 5e0e199f73d8626b11e79750991f5d173d1f8b67
  Alamofire: 01a82e2f6c0f860ade35534c8dd88be61bdef40c
  FDFullscreenPopGesture: a8a620179e3d9c40e8e00256dcee1c1a27c6d0f0
  Kingfisher: 41aed5b6c1ed8fa98cf6d75283ce89cf7890f517
  MJRefresh: f67f0750d57a4e4ae433da549359ca53b52cdc7d
  SnapKit: 2756fe24b706367af224c9c508d2f9166d03354c
  SVProgressHUD: b0830714205bea1317ea1a2ebc71e5633af334d4
  SwiftyJSON: 04ccea08915aa0109039157c7974cf0298da292a

PODFILE CHECKSUM: 4b80155af5f95c1acefc2a5c6519d2d4bf2cf01e

COCOAPODS: 1.0.0
